# This file is automatically @generated by Cargo.
# It is not intended for manual editing.
version = 3

[[package]]
name = "parco"
version = "4.0.0"
source = "registry+https://github.com/rust-lang/crates.io-index"
checksum = "79ba0e2df78aa0b25e6917eea0e383456bb60599b9cd12bac69d9ae929f7c2b0"

[[package]]
name = "ponlang"
version = "0.1.0"
dependencies = [
 "parco",
]
